{
  "name": "streamlit-browser",
  "version": "0.46.0",
  "lockfileVersion": 1,
  "requires": true,
  "dependencies": {
    "@types/moment-duration-format": {
      "version": "2.2.2",
      "resolved": "https://registry.npmjs.org/@types/moment-duration-format/-/moment-duration-format-2.2.2.tgz",
      "integrity": "sha512-CuYswsMI3y5uR5sD9i/VUqIbZrsYN2eaCs7nH3qpDl2CZlNI48mjMf4ve2RpQ/65irprtnQVetfnea9my+jqcg==",
      "dev": true,
      "requires": {
        "moment": "2.24.0"
      },
      "dependencies": {
        "moment": {
          "version": "2.24.0",
          "resolved": "https://registry.npmjs.org/moment/-/moment-2.24.0.tgz",
          "integrity": "sha512-bV7f+6l2QigeBBZSM/6yTNq4P2fNpSWj/0e7jQcy87A8e7o2nAfP/34/2ky5Vw4B9S446EtIhodAzkFCcR4dQg==",
          "dev": true
        }
      }
    }
  }
}
