{
    "_meta": {
        "hash": {
            "sha256": "7f7606f08e0544d8d012ef4d097dabdd6df6843a28793eb6551245d4b2db4242"
        },
        "pipfile-spec": 6,
        "requires": {
            "python_version": "3.8"
        },
        "sources": [
            {
                "name": "pypi",
                "url": "https://pypi.org/simple",
                "verify_ssl": true
            }
        ]
    },
    "default": {},
    "develop": {}
}
