# THIS IS AN AUTOGENERATED FILE. DO NOT EDIT THIS FILE DIRECTLY.
# yarn lockfile v1


core-js@^3.1.2:
  version "3.4.1"
  resolved "https://registry.yarnpkg.com/core-js/-/core-js-3.4.1.tgz#76dd6828412900ab27c8ce0b22e6114d7ce21b18"

react-keydown@^1.9.12:
  version "1.9.12"
  resolved "https://registry.yarnpkg.com/react-keydown/-/react-keydown-1.9.12.tgz#9e10157775c9e3f21e124987e14af45a2ed52384"
  dependencies:
    core-js "^3.1.2"
